
Microsoft Visual Studio Solution File, Format Version 12.00
# Visual Studio Version 16
VisualStudioVersion = 16.0.31005.135
MinimumVisualStudioVersion = 10.0.40219.1
Project("{FAE04EC0-301F-11D3-BF4B-00C04F79EFBC}") = "BCParksApi", "BCParksApi.csproj", "{3A32EF87-67FC-4350-901B-F8927D01BF73}"
EndProject
Global
	GlobalSection(SolutionConfigurationPlatforms) = preSolution
		Debug|Any CPU = Debug|Any CPU
		Release|Any CPU = Release|Any CPU
	EndGlobalSection
	GlobalSection(ProjectConfigurationPlatforms) = postSolution
		{3A32EF87-67FC-4350-901B-F8927D01BF73}.Debug|Any CPU.ActiveCfg = Debug|Any CPU
		{3A32EF87-67FC-4350-901B-F8927D01BF73}.Debug|Any CPU.Build.0 = Debug|Any CPU
		{3A32EF87-67FC-4350-901B-F8927D01BF73}.Release|Any CPU.ActiveCfg = Release|Any CPU
		{3A32EF87-67FC-4350-901B-F8927D01BF73}.Release|Any CPU.Build.0 = Release|Any CPU
	EndGlobalSection
	GlobalSection(SolutionProperties) = preSolution
		HideSolutionNode = FALSE
	EndGlobalSection
	GlobalSection(ExtensibilityGlobals) = postSolution
		SolutionGuid = {F7F5A6C7-F912-4264-A1C7-679B215F1020}
	EndGlobalSection
EndGlobal
