
Microsoft Visual Studio Solution File, Format Version 12.00
# Visual Studio Version 17
VisualStudioVersion = 17.3.32922.545
MinimumVisualStudioVersion = 10.0.40219.1
Project("{9A19103F-16F7-4668-BE54-9A1E7A4F7556}") = "ProcessSeedData", "ProcessSeedData.csproj", "{3910C344-AAAF-456C-BE12-4B4C64E2AE86}"
EndProject
Global
	GlobalSection(SolutionConfigurationPlatforms) = preSolution
		Debug|Any CPU = Debug|Any CPU
		Release|Any CPU = Release|Any CPU
	EndGlobalSection
	GlobalSection(ProjectConfigurationPlatforms) = postSolution
		{3910C344-AAAF-456C-BE12-4B4C64E2AE86}.Debug|Any CPU.ActiveCfg = Debug|Any CPU
		{3910C344-AAAF-456C-BE12-4B4C64E2AE86}.Debug|Any CPU.Build.0 = Debug|Any CPU
		{3910C344-AAAF-456C-BE12-4B4C64E2AE86}.Release|Any CPU.ActiveCfg = Release|Any CPU
		{3910C344-AAAF-456C-BE12-4B4C64E2AE86}.Release|Any CPU.Build.0 = Release|Any CPU
	EndGlobalSection
	GlobalSection(SolutionProperties) = preSolution
		HideSolutionNode = FALSE
	EndGlobalSection
	GlobalSection(ExtensibilityGlobals) = postSolution
		SolutionGuid = {821175CD-109E-47A2-8588-62961E2BE139}
	EndGlobalSection
EndGlobal
